{
  "name": "vuecademy",
  "version": "1.0.0",
  "lockfileVersion": 1,
  "requires": true,
  "dependencies": {
    "async-validator": {
      "version": "1.8.1",
      "resolved": "https://registry.npmjs.org/async-validator/-/async-validator-1.8.1.tgz",
      "integrity": "sha1-ZmV4jKOSaa93Dl7gLw5VfyQ40so=",
      "requires": {
        "babel-runtime": "6.26.0"
      }
    },
    "babel-helper-vue-jsx-merge-props": {
      "version": "2.0.2",
      "resolved": "https://registry.npmjs.org/babel-helper-vue-jsx-merge-props/-/babel-helper-vue-jsx-merge-props-2.0.2.tgz",
      "integrity": "sha1-rOscNzWIJ54nVeoc/TXCI5T9M/g="
    },
    "babel-runtime": {
      "version": "6.26.0",
      "resolved": "https://registry.npmjs.org/babel-runtime/-/babel-runtime-6.26.0.tgz",
      "integrity": "sha1-llxwWGaOgrVde/4E/yM3vItWR/4=",
      "requires": {
        "core-js": "2.5.1",
        "regenerator-runtime": "0.11.0"
      }
    },
    "core-js": {
      "version": "2.5.1",
      "resolved": "https://registry.npmjs.org/core-js/-/core-js-2.5.1.tgz",
      "integrity": "sha1-rmh03GaTd4m4B1T/VCjfZoGcpQs="
    },
    "deepmerge": {
      "version": "1.5.2",
      "resolved": "https://registry.npmjs.org/deepmerge/-/deepmerge-1.5.2.tgz",
      "integrity": "sha512-95k0GDqvBjZavkuvzx/YqVLv/6YYa17fz6ILMSf7neqQITCPbnfEnQvEgMPNjH4kgobe7+WIL0yJEHku+H3qtQ=="
    },
    "element-ui": {
      "version": "2.0.3",
      "resolved": "https://registry.npmjs.org/element-ui/-/element-ui-2.0.3.tgz",
      "integrity": "sha512-FcLqsHKY1e8offSPW+Qo9RgjOIjzCmSoR9tLdH6gUO5s3IdhRrQwt8VYk4JRPDB7kEprMQB47AMorLdONeYnwQ==",
      "requires": {
        "async-validator": "1.8.1",
        "babel-helper-vue-jsx-merge-props": "2.0.2",
        "deepmerge": "1.5.2",
        "throttle-debounce": "1.0.1"
      }
    },
    "regenerator-runtime": {
      "version": "0.11.0",
      "resolved": "https://registry.npmjs.org/regenerator-runtime/-/regenerator-runtime-0.11.0.tgz",
      "integrity": "sha512-/aA0kLeRb5N9K0d4fw7ooEbI+xDe+DKD499EQqygGqeS8N3xto15p09uY2xj7ixP81sNPXvRLnAQIqdVStgb1A=="
    },
    "throttle-debounce": {
      "version": "1.0.1",
      "resolved": "https://registry.npmjs.org/throttle-debounce/-/throttle-debounce-1.0.1.tgz",
      "integrity": "sha1-2tD+Ew+drzcZ/eoz3Dao5rp/MLU="
    },
    "vue": {
      "version": "2.5.3",
      "resolved": "https://registry.npmjs.org/vue/-/vue-2.5.3.tgz",
      "integrity": "sha512-C8O5ZtR9jpwm6sCre3k42/WvuAcil5hH1+c3mJks8kNCYKh57sQh6I5U7m9L0fD89OKkIofmebUORngZkLedNA=="
    },
    "vue-material": {
      "version": "git+https://github.com/piotr-m-jurek/vue-material.git#0efade1f667fbe9f6cb652dfae0eb308d09d0707",
      "requires": {
        "vue": "2.5.3"
      }
    },
    "vue-radial-progress": {
      "version": "0.2.10",
      "resolved": "https://registry.npmjs.org/vue-radial-progress/-/vue-radial-progress-0.2.10.tgz",
      "integrity": "sha1-tAZMXQdQ2vDuap4yOz95vSvW3tw="
    },
    "vue-router": {
      "version": "3.0.1",
      "resolved": "https://registry.npmjs.org/vue-router/-/vue-router-3.0.1.tgz",
      "integrity": "sha512-vLLoY452L+JBpALMP5UHum9+7nzR9PeIBCghU9ZtJ1eWm6ieUI8Zb/DI3MYxH32bxkjzYV1LRjNv4qr8d+uX/w=="
    }
  }
}
