# THIS IS AN AUTOGENERATED FILE. DO NOT EDIT THIS FILE DIRECTLY.
# yarn lockfile v1


"vue-material@https://github.com/piotr-m-jurek/vue-material.git":
  version "0.8.1"
  resolved "https://github.com/piotr-m-jurek/vue-material.git#0efade1f667fbe9f6cb652dfae0eb308d09d0707"
  dependencies:
    vue "^2.4.4"

vue-radial-progress@^0.2.10:
  version "0.2.10"
  resolved "https://registry.yarnpkg.com/vue-radial-progress/-/vue-radial-progress-0.2.10.tgz#b4064c5d0750daf0ee6a9e323b3f79bd2bd6dedc"

vue-router@^3.0.1:
  version "3.0.1"
  resolved "https://registry.yarnpkg.com/vue-router/-/vue-router-3.0.1.tgz#d9b05ad9c7420ba0f626d6500d693e60092cc1e9"

vue@^2.4.4:
  version "2.5.2"
  resolved "https://registry.yarnpkg.com/vue/-/vue-2.5.2.tgz#fd367a87bae7535e47f9dc5c9ec3b496e5feb5a4"
